
Microsoft Visual Studio Solution File, Format Version 12.00
# Visual Studio 14
VisualStudioVersion = 14.0.24720.0
MinimumVisualStudioVersion = 10.0.40219.1
Project("{2150E333-8FDC-42A3-9474-1A3956D46DE8}") = "Server", "Server", "{D32501F7-D643-4CE4-87BA-D43E563A88FE}"
EndProject
Project("{2150E333-8FDC-42A3-9474-1A3956D46DE8}") = "Data", "Data", "{4B06B778-D2A2-4B4D-B62E-A88206BAF330}"
EndProject
Project("{2150E333-8FDC-42A3-9474-1A3956D46DE8}") = "ToDo.Server.Api", "ToDo.Server.Api", "{4865DEBC-C37B-4754-A191-94C01FCABCD3}"
EndProject
Project("{FAE04EC0-301F-11D3-BF4B-00C04F79EFBC}") = "ToDo.Server.Api", "Server\ToDo.Server.Api\ToDo.Server.Api.csproj", "{0C445C5A-683F-4F3D-930C-B25DC187EB1F}"
EndProject
Project("{2150E333-8FDC-42A3-9474-1A3956D46DE8}") = "ToDo.Data", "ToDo.Data", "{09184789-9816-475C-8ED0-392D00ED9F0F}"
EndProject
Project("{FAE04EC0-301F-11D3-BF4B-00C04F79EFBC}") = "ToDo.Data", "Data\ToDo.Data\ToDo.Data.csproj", "{C1A6DA9E-07DE-46C4-869F-35920D517B44}"
EndProject
Project("{2150E333-8FDC-42A3-9474-1A3956D46DE8}") = "ToDo.Data.Models", "ToDo.Data.Models", "{24BF57F4-73CC-4359-94B7-E24F5D3792E4}"
EndProject
Project("{FAE04EC0-301F-11D3-BF4B-00C04F79EFBC}") = "ToDo.Data.Models", "Data\ToDo.Models\ToDo.Data.Models.csproj", "{D751CFEE-8CEF-4DBB-8DC6-5492EBB956F3}"
EndProject
Project("{2150E333-8FDC-42A3-9474-1A3956D46DE8}") = "ToDo.Server.Common", "ToDo.Server.Common", "{1A9074F4-F5D2-4D65-A956-3EDBA09A0579}"
EndProject
Project("{FAE04EC0-301F-11D3-BF4B-00C04F79EFBC}") = "ToDo.Server.Common", "Server\ToDo.Server.Common\ToDo.Server.Common.csproj", "{28B086D0-ABBB-46B4-BC4C-09951C60FE3E}"
EndProject
Project("{2150E333-8FDC-42A3-9474-1A3956D46DE8}") = "ToDo.Data.Common", "ToDo.Data.Common", "{5CD17CD2-0E3D-42CE-8CC5-770B95DA19BE}"
EndProject
Project("{FAE04EC0-301F-11D3-BF4B-00C04F79EFBC}") = "ToDo.Data.Common", "Data\ToDo.Data.Common\ToDo.Data.Common.csproj", "{0F58FB47-55CA-4201-80F8-1DD358A83FC7}"
EndProject
Project("{2150E333-8FDC-42A3-9474-1A3956D46DE8}") = "Services", "Services", "{6851D831-EF31-4EAF-8D33-FFBF0FAA194A}"
EndProject
Project("{FAE04EC0-301F-11D3-BF4B-00C04F79EFBC}") = "ToDo.Services.Data", "Services\ToDo.Services.Data\ToDo.Services.Data.csproj", "{4CE52B47-A922-41E1-8A2B-D694DA886406}"
EndProject
Global
	GlobalSection(SolutionConfigurationPlatforms) = preSolution
		Debug|Any CPU = Debug|Any CPU
		Release|Any CPU = Release|Any CPU
	EndGlobalSection
	GlobalSection(ProjectConfigurationPlatforms) = postSolution
		{0C445C5A-683F-4F3D-930C-B25DC187EB1F}.Debug|Any CPU.ActiveCfg = Debug|Any CPU
		{0C445C5A-683F-4F3D-930C-B25DC187EB1F}.Debug|Any CPU.Build.0 = Debug|Any CPU
		{0C445C5A-683F-4F3D-930C-B25DC187EB1F}.Release|Any CPU.ActiveCfg = Release|Any CPU
		{0C445C5A-683F-4F3D-930C-B25DC187EB1F}.Release|Any CPU.Build.0 = Release|Any CPU
		{C1A6DA9E-07DE-46C4-869F-35920D517B44}.Debug|Any CPU.ActiveCfg = Debug|Any CPU
		{C1A6DA9E-07DE-46C4-869F-35920D517B44}.Debug|Any CPU.Build.0 = Debug|Any CPU
		{C1A6DA9E-07DE-46C4-869F-35920D517B44}.Release|Any CPU.ActiveCfg = Release|Any CPU
		{C1A6DA9E-07DE-46C4-869F-35920D517B44}.Release|Any CPU.Build.0 = Release|Any CPU
		{D751CFEE-8CEF-4DBB-8DC6-5492EBB956F3}.Debug|Any CPU.ActiveCfg = Debug|Any CPU
		{D751CFEE-8CEF-4DBB-8DC6-5492EBB956F3}.Debug|Any CPU.Build.0 = Debug|Any CPU
		{D751CFEE-8CEF-4DBB-8DC6-5492EBB956F3}.Release|Any CPU.ActiveCfg = Release|Any CPU
		{D751CFEE-8CEF-4DBB-8DC6-5492EBB956F3}.Release|Any CPU.Build.0 = Release|Any CPU
		{28B086D0-ABBB-46B4-BC4C-09951C60FE3E}.Debug|Any CPU.ActiveCfg = Debug|Any CPU
		{28B086D0-ABBB-46B4-BC4C-09951C60FE3E}.Debug|Any CPU.Build.0 = Debug|Any CPU
		{28B086D0-ABBB-46B4-BC4C-09951C60FE3E}.Release|Any CPU.ActiveCfg = Release|Any CPU
		{28B086D0-ABBB-46B4-BC4C-09951C60FE3E}.Release|Any CPU.Build.0 = Release|Any CPU
		{0F58FB47-55CA-4201-80F8-1DD358A83FC7}.Debug|Any CPU.ActiveCfg = Debug|Any CPU
		{0F58FB47-55CA-4201-80F8-1DD358A83FC7}.Debug|Any CPU.Build.0 = Debug|Any CPU
		{0F58FB47-55CA-4201-80F8-1DD358A83FC7}.Release|Any CPU.ActiveCfg = Release|Any CPU
		{0F58FB47-55CA-4201-80F8-1DD358A83FC7}.Release|Any CPU.Build.0 = Release|Any CPU
		{4CE52B47-A922-41E1-8A2B-D694DA886406}.Debug|Any CPU.ActiveCfg = Debug|Any CPU
		{4CE52B47-A922-41E1-8A2B-D694DA886406}.Debug|Any CPU.Build.0 = Debug|Any CPU
		{4CE52B47-A922-41E1-8A2B-D694DA886406}.Release|Any CPU.ActiveCfg = Release|Any CPU
		{4CE52B47-A922-41E1-8A2B-D694DA886406}.Release|Any CPU.Build.0 = Release|Any CPU
	EndGlobalSection
	GlobalSection(SolutionProperties) = preSolution
		HideSolutionNode = FALSE
	EndGlobalSection
	GlobalSection(NestedProjects) = preSolution
		{4865DEBC-C37B-4754-A191-94C01FCABCD3} = {D32501F7-D643-4CE4-87BA-D43E563A88FE}
		{0C445C5A-683F-4F3D-930C-B25DC187EB1F} = {4865DEBC-C37B-4754-A191-94C01FCABCD3}
		{09184789-9816-475C-8ED0-392D00ED9F0F} = {4B06B778-D2A2-4B4D-B62E-A88206BAF330}
		{C1A6DA9E-07DE-46C4-869F-35920D517B44} = {09184789-9816-475C-8ED0-392D00ED9F0F}
		{24BF57F4-73CC-4359-94B7-E24F5D3792E4} = {4B06B778-D2A2-4B4D-B62E-A88206BAF330}
		{D751CFEE-8CEF-4DBB-8DC6-5492EBB956F3} = {24BF57F4-73CC-4359-94B7-E24F5D3792E4}
		{1A9074F4-F5D2-4D65-A956-3EDBA09A0579} = {D32501F7-D643-4CE4-87BA-D43E563A88FE}
		{28B086D0-ABBB-46B4-BC4C-09951C60FE3E} = {1A9074F4-F5D2-4D65-A956-3EDBA09A0579}
		{5CD17CD2-0E3D-42CE-8CC5-770B95DA19BE} = {4B06B778-D2A2-4B4D-B62E-A88206BAF330}
		{0F58FB47-55CA-4201-80F8-1DD358A83FC7} = {5CD17CD2-0E3D-42CE-8CC5-770B95DA19BE}
		{4CE52B47-A922-41E1-8A2B-D694DA886406} = {6851D831-EF31-4EAF-8D33-FFBF0FAA194A}
	EndGlobalSection
EndGlobal
